// !$*UTF8*$!
{
	archiveVersion = 1;
	classes = {
	};
	objectVersion = 77;
	objects = {

/* Begin PBXContainerItemProxy section */
		62419BC92CD277BB00F0990F /* PBXContainerItemProxy */ = {
			isa = PBXContainerItemProxy;
			containerPortal = 62419BB02CD277B900F0990F /* Project object */;
			proxyType = 1;
			remoteGlobalIDString = 62419BB72CD277B900F0990F;
			remoteInfo = "BeaconSyncAR-iBeacon-ARKit";
		};
		62419BD32CD277BB00F0990F /* PBXContainerItemProxy */ = {
			isa = PBXContainerItemProxy;
			containerPortal = 62419BB02CD277B900F0990F /* Project object */;
			proxyType = 1;
			remoteGlobalIDString = 62419BB72CD277B900F0990F;
			remoteInfo = "BeaconSyncAR-iBeacon-ARKit";
		};
/* End PBXContainerItemProxy section */

/* Begin PBXFileReference section */
		62419BB82CD277B900F0990F /* BeaconSyncAR-iBeacon-ARKit.app */ = {isa = PBXFileReference; explicitFileType = wrapper.application; includeInIndex = 0; path = "BeaconSyncAR-iBeacon-ARKit.app"; sourceTree = BUILT_PRODUCTS_DIR; };
		62419BC82CD277BB00F0990F /* BeaconSyncAR-iBeacon-ARKitTests.xctest */ = {isa = PBXFileReference; explicitFileType = wrapper.cfbundle; includeInIndex = 0; path = "BeaconSyncAR-iBeacon-ARKitTests.xctest"; sourceTree = BUILT_PRODUCTS_DIR; };
		62419BD22CD277BB00F0990F /* BeaconSyncAR-iBeacon-ARKitUITests.xctest */ = {isa = PBXFileReference; explicitFileType = wrapper.cfbundle; includeInIndex = 0; path = "BeaconSyncAR-iBeacon-ARKitUITests.xctest"; sourceTree = BUILT_PRODUCTS_DIR; };
/* End PBXFileReference section */

/* Begin PBXFileSystemSynchronizedRootGroup section */
		62419BBA2CD277B900F0990F /* BeaconSyncAR-iBeacon-ARKit */ = {
			isa = PBXFileSystemSynchronizedRootGroup;
			path = "BeaconSyncAR-iBeacon-ARKit";
			sourceTree = "<group>";
		};
		62419BCB2CD277BB00F0990F /* BeaconSyncAR-iBeacon-ARKitTests */ = {
			isa = PBXFileSystemSynchronizedRootGroup;
			path = "BeaconSyncAR-iBeacon-ARKitTests";
			sourceTree = "<group>";
		};
		62419BD52CD277BB00F0990F /* BeaconSyncAR-iBeacon-ARKitUITests */ = {
			isa = PBXFileSystemSynchronizedRootGroup;
			path = "BeaconSyncAR-iBeacon-ARKitUITests";
			sourceTree = "<group>";
		};
/* End PBXFileSystemSynchronizedRootGroup section */

/* Begin PBXFrameworksBuildPhase section */
		62419BB52CD277B900F0990F /* Frameworks */ = {
			isa = PBXFrameworksBuildPhase;
			buildActionMask = 2147483647;
			files = (
			);
			runOnlyForDeploymentPostprocessing = 0;
		};
		62419BC52CD277BB00F0990F /* Frameworks */ = {
			isa = PBXFrameworksBuildPhase;
			buildActionMask = 2147483647;
			files = (
			);
			runOnlyForDeploymentPostprocessing = 0;
		};
		62419BCF2CD277BB00F0990F /* Frameworks */ = {
			isa = PBXFrameworksBuildPhase;
			buildActionMask = 2147483647;
			files = (
			);
			runOnlyForDeploymentPostprocessing = 0;
		};
/* End PBXFrameworksBuildPhase section */

/* Begin PBXGroup section */
		62419BAF2CD277B900F0990F = {
			isa = PBXGroup;
			children = (
				62419BBA2CD277B900F0990F /* BeaconSyncAR-iBeacon-ARKit */,
				62419BCB2CD277BB00F0990F /* BeaconSyncAR-iBeacon-ARKitTests */,
				62419BD52CD277BB00F0990F /* BeaconSyncAR-iBeacon-ARKitUITests */,
				62419BB92CD277B900F0990F /* Products */,
			);
			sourceTree = "<group>";
		};
		62419BB92CD277B900F0990F /* Products */ = {
			isa = PBXGroup;
			children = (
				62419BB82CD277B900F0990F /* BeaconSyncAR-iBeacon-ARKit.app */,
				62419BC82CD277BB00F0990F /* BeaconSyncAR-iBeacon-ARKitTests.xctest */,
				62419BD22CD277BB00F0990F /* BeaconSyncAR-iBeacon-ARKitUITests.xctest */,
			);
			name = Products;
			sourceTree = "<group>";
		};
/* End PBXGroup section */

/* Begin PBXNativeTarget section */
		62419BB72CD277B900F0990F /* BeaconSyncAR-iBeacon-ARKit */ = {
			isa = PBXNativeTarget;
			buildConfigurationList = 62419BDC2CD277BB00F0990F /* Build configuration list for PBXNativeTarget "BeaconSyncAR-iBeacon-ARKit" */;
			buildPhases = (
				62419BB42CD277B900F0990F /* Sources */,
				62419BB52CD277B900F0990F /* Frameworks */,
				62419BB62CD277B900F0990F /* Resources */,
			);
			buildRules = (
			);
			dependencies = (
			);
			fileSystemSynchronizedGroups = (
				62419BBA2CD277B900F0990F /* BeaconSyncAR-iBeacon-ARKit */,
			);
			name = "BeaconSyncAR-iBeacon-ARKit";
			packageProductDependencies = (
			);
			productName = "BeaconSyncAR-iBeacon-ARKit";
			productReference = 62419BB82CD277B900F0990F /* BeaconSyncAR-iBeacon-ARKit.app */;
			productType = "com.apple.product-type.application";
		};
		62419BC72CD277BB00F0990F /* BeaconSyncAR-iBeacon-ARKitTests */ = {
			isa = PBXNativeTarget;
			buildConfigurationList = 62419BDF2CD277BB00F0990F /* Build configuration list for PBXNativeTarget "BeaconSyncAR-iBeacon-ARKitTests" */;
			buildPhases = (
				62419BC42CD277BB00F0990F /* Sources */,
				62419BC52CD277BB00F0990F /* Frameworks */,
				62419BC62CD277BB00F0990F /* Resources */,
			);
			buildRules = (
			);
			dependencies = (
				62419BCA2CD277BB00F0990F /* PBXTargetDependency */,
			);
			fileSystemSynchronizedGroups = (
				62419BCB2CD277BB00F0990F /* BeaconSyncAR-iBeacon-ARKitTests */,
			);
			name = "BeaconSyncAR-iBeacon-ARKitTests";
			packageProductDependencies = (
			);
			productName = "BeaconSyncAR-iBeacon-ARKitTests";
			productReference = 62419BC82CD277BB00F0990F /* BeaconSyncAR-iBeacon-ARKitTests.xctest */;
			productType = "com.apple.product-type.bundle.unit-test";
		};
		62419BD12CD277BB00F0990F /* BeaconSyncAR-iBeacon-ARKitUITests */ = {
			isa = PBXNativeTarget;
			buildConfigurationList = 62419BE22CD277BB00F0990F /* Build configuration list for PBXNativeTarget "BeaconSyncAR-iBeacon-ARKitUITests" */;
			buildPhases = (
				62419BCE2CD277BB00F0990F /* Sources */,
				62419BCF2CD277BB00F0990F /* Frameworks */,
				62419BD02CD277BB00F0990F /* Resources */,
			);
			buildRules = (
			);
			dependencies = (
				62419BD42CD277BB00F0990F /* PBXTargetDependency */,
			);
			fileSystemSynchronizedGroups = (
				62419BD52CD277BB00F0990F /* BeaconSyncAR-iBeacon-ARKitUITests */,
			);
			name = "BeaconSyncAR-iBeacon-ARKitUITests";
			packageProductDependencies = (
			);
			productName = "BeaconSyncAR-iBeacon-ARKitUITests";
			productReference = 62419BD22CD277BB00F0990F /* BeaconSyncAR-iBeacon-ARKitUITests.xctest */;
			productType = "com.apple.product-type.bundle.ui-testing";
		};
/* End PBXNativeTarget section */

/* Begin PBXProject section */
		62419BB02CD277B900F0990F /* Project object */ = {
			isa = PBXProject;
			attributes = {
				BuildIndependentTargetsInParallel = 1;
				LastSwiftUpdateCheck = 1600;
				LastUpgradeCheck = 1600;
				TargetAttributes = {
					62419BB72CD277B900F0990F = {
						CreatedOnToolsVersion = 16.0;
					};
					62419BC72CD277BB00F0990F = {
						CreatedOnToolsVersion = 16.0;
						TestTargetID = 62419BB72CD277B900F0990F;
					};
					62419BD12CD277BB00F0990F = {
						CreatedOnToolsVersion = 16.0;
						TestTargetID = 62419BB72CD277B900F0990F;
					};
				};
			};
			buildConfigurationList = 62419BB32CD277B900F0990F /* Build configuration list for PBXProject "BeaconSyncAR-iBeacon-ARKit" */;
			developmentRegion = en;
			hasScannedForEncodings = 0;
			knownRegions = (
				en,
				Base,
			);
			mainGroup = 62419BAF2CD277B900F0990F;
			minimizedProjectReferenceProxies = 1;
			preferredProjectObjectVersion = 77;
			productRefGroup = 62419BB92CD277B900F0990F /* Products */;
			projectDirPath = "";
			projectRoot = "";
			targets = (
				62419BB72CD277B900F0990F /* BeaconSyncAR-iBeacon-ARKit */,
				62419BC72CD277BB00F0990F /* BeaconSyncAR-iBeacon-ARKitTests */,
				62419BD12CD277BB00F0990F /* BeaconSyncAR-iBeacon-ARKitUITests */,
			);
		};
/* End PBXProject section */

/* Begin PBXResourcesBuildPhase section */
		62419BB62CD277B900F0990F /* Resources */ = {
			isa = PBXResourcesBuildPhase;
			buildActionMask = 2147483647;
			files = (
			);
			runOnlyForDeploymentPostprocessing = 0;
		};
		62419BC62CD277BB00F0990F /* Resources */ = {
			isa = PBXResourcesBuildPhase;
			buildActionMask = 2147483647;
			files = (
			);
			runOnlyForDeploymentPostprocessing = 0;
		};
		62419BD02CD277BB00F0990F /* Resources */ = {
			isa = PBXResourcesBuildPhase;
			buildActionMask = 2147483647;
			files = (
			);
			runOnlyForDeploymentPostprocessing = 0;
		};
/* End PBXResourcesBuildPhase section */

/* Begin PBXSourcesBuildPhase section */
		62419BB42CD277B900F0990F /* Sources */ = {
			isa = PBXSourcesBuildPhase;
			buildActionMask = 2147483647;
			files = (
			);
			runOnlyForDeploymentPostprocessing = 0;
		};
		62419BC42CD277BB00F0990F /* Sources */ = {
			isa = PBXSourcesBuildPhase;
			buildActionMask = 2147483647;
			files = (
			);
			runOnlyForDeploymentPostprocessing = 0;
		};
		62419BCE2CD277BB00F0990F /* Sources */ = {
			isa = PBXSourcesBuildPhase;
			buildActionMask = 2147483647;
			files = (
			);
			runOnlyForDeploymentPostprocessing = 0;
		};
/* End PBXSourcesBuildPhase section */

/* Begin PBXTargetDependency section */
		62419BCA2CD277BB00F0990F /* PBXTargetDependency */ = {
			isa = PBXTargetDependency;
			target = 62419BB72CD277B900F0990F /* BeaconSyncAR-iBeacon-ARKit */;
			targetProxy = 62419BC92CD277BB00F0990F /* PBXContainerItemProxy */;
		};
		62419BD42CD277BB00F0990F /* PBXTargetDependency */ = {
			isa = PBXTargetDependency;
			target = 62419BB72CD277B900F0990F /* BeaconSyncAR-iBeacon-ARKit */;
			targetProxy = 62419BD32CD277BB00F0990F /* PBXContainerItemProxy */;
		};
/* End PBXTargetDependency section */

/* Begin XCBuildConfiguration section */
		62419BDA2CD277BB00F0990F /* Debug */ = {
			isa = XCBuildConfiguration;
			buildSettings = {
				ALWAYS_SEARCH_USER_PATHS = NO;
				ASSETCATALOG_COMPILER_GENERATE_SWIFT_ASSET_SYMBOL_EXTENSIONS = YES;
				CLANG_ANALYZER_NONNULL = YES;
				CLANG_ANALYZER_NUMBER_OBJECT_CONVERSION = YES_AGGRESSIVE;
				CLANG_CXX_LANGUAGE_STANDARD = "gnu++20";
				CLANG_ENABLE_MODULES = YES;
				CLANG_ENABLE_OBJC_ARC = YES;
				CLANG_ENABLE_OBJC_WEAK = YES;
				CLANG_WARN_BLOCK_CAPTURE_AUTORELEASING = YES;
				CLANG_WARN_BOOL_CONVERSION = YES;
				CLANG_WARN_COMMA = YES;
				CLANG_WARN_CONSTANT_CONVERSION = YES;
				CLANG_WARN_DEPRECATED_OBJC_IMPLEMENTATIONS = YES;
				CLANG_WARN_DIRECT_OBJC_ISA_USAGE = YES_ERROR;
				CLANG_WARN_DOCUMENTATION_COMMENTS = YES;
				CLANG_WARN_EMPTY_BODY = YES;
				CLANG_WARN_ENUM_CONVERSION = YES;
				CLANG_WARN_INFINITE_RECURSION = YES;
				CLANG_WARN_INT_CONVERSION = YES;
				CLANG_WARN_NON_LITERAL_NULL_CONVERSION = YES;
				CLANG_WARN_OBJC_IMPLICIT_RETAIN_SELF = YES;
				CLANG_WARN_OBJC_LITERAL_CONVERSION = YES;
				CLANG_WARN_OBJC_ROOT_CLASS = YES_ERROR;
				CLANG_WARN_QUOTED_INCLUDE_IN_FRAMEWORK_HEADER = YES;
				CLANG_WARN_RANGE_LOOP_ANALYSIS = YES;
				CLANG_WARN_STRICT_PROTOTYPES = YES;
				CLANG_WARN_SUSPICIOUS_MOVE = YES;
				CLANG_WARN_UNGUARDED_AVAILABILITY = YES_AGGRESSIVE;
				CLANG_WARN_UNREACHABLE_CODE = YES;
				CLANG_WARN__DUPLICATE_METHOD_MATCH = YES;
				COPY_PHASE_STRIP = NO;
				DEBUG_INFORMATION_FORMAT = dwarf;
				ENABLE_STRICT_OBJC_MSGSEND = YES;
				ENABLE_TESTABILITY = YES;
				ENABLE_USER_SCRIPT_SANDBOXING = YES;
				GCC_C_LANGUAGE_STANDARD = gnu17;
				GCC_DYNAMIC_NO_PIC = NO;
				GCC_NO_COMMON_BLOCKS = YES;
				GCC_OPTIMIZATION_LEVEL = 0;
				GCC_PREPROCESSOR_DEFINITIONS = (
					"DEBUG=1",
					"$(inherited)",
				);
				GCC_WARN_64_TO_32_BIT_CONVERSION = YES;
				GCC_WARN_ABOUT_RETURN_TYPE = YES_ERROR;
				GCC_WARN_UNDECLARED_SELECTOR = YES;
				GCC_WARN_UNINITIALIZED_AUTOS = YES_AGGRESSIVE;
				GCC_WARN_UNUSED_FUNCTION = YES;
				GCC_WARN_UNUSED_VARIABLE = YES;
				IPHONEOS_DEPLOYMENT_TARGET = 18.0;
				LOCALIZATION_PREFERS_STRING_CATALOGS = YES;
				MTL_ENABLE_DEBUG_INFO = INCLUDE_SOURCE;
				MTL_FAST_MATH = YES;
				ONLY_ACTIVE_ARCH = YES;
				SDKROOT = iphoneos;
				SWIFT_ACTIVE_COMPILATION_CONDITIONS = "DEBUG $(inherited)";
				SWIFT_OPTIMIZATION_LEVEL = "-Onone";
			};
			name = Debug;
		};
		62419BDB2CD277BB00F0990F /* Release */ = {
			isa = XCBuildConfiguration;
			buildSettings = {
				ALWAYS_SEARCH_USER_PATHS = NO;
				ASSETCATALOG_COMPILER_GENERATE_SWIFT_ASSET_SYMBOL_EXTENSIONS = YES;
				CLANG_ANALYZER_NONNULL = YES;
				CLANG_ANALYZER_NUMBER_OBJECT_CONVERSION = YES_AGGRESSIVE;
				CLANG_CXX_LANGUAGE_STANDARD = "gnu++20";
				CLANG_ENABLE_MODULES = YES;
				CLANG_ENABLE_OBJC_ARC = YES;
				CLANG_ENABLE_OBJC_WEAK = YES;
				CLANG_WARN_BLOCK_CAPTURE_AUTORELEASING = YES;
				CLANG_WARN_BOOL_CONVERSION = YES;
				CLANG_WARN_COMMA = YES;
				CLANG_WARN_CONSTANT_CONVERSION = YES;
				CLANG_WARN_DEPRECATED_OBJC_IMPLEMENTATIONS = YES;
				CLANG_WARN_DIRECT_OBJC_ISA_USAGE = YES_ERROR;
				CLANG_WARN_DOCUMENTATION_COMMENTS = YES;
				CLANG_WARN_EMPTY_BODY = YES;
				CLANG_WARN_ENUM_CONVERSION = YES;
				CLANG_WARN_INFINITE_RECURSION = YES;
				CLANG_WARN_INT_CONVERSION = YES;
				CLANG_WARN_NON_LITERAL_NULL_CONVERSION = YES;
				CLANG_WARN_OBJC_IMPLICIT_RETAIN_SELF = YES;
				CLANG_WARN_OBJC_LITERAL_CONVERSION = YES;
				CLANG_WARN_OBJC_ROOT_CLASS = YES_ERROR;
				CLANG_WARN_QUOTED_INCLUDE_IN_FRAMEWORK_HEADER = YES;
				CLANG_WARN_RANGE_LOOP_ANALYSIS = YES;
				CLANG_WARN_STRICT_PROTOTYPES = YES;
				CLANG_WARN_SUSPICIOUS_MOVE = YES;
				CLANG_WARN_UNGUARDED_AVAILABILITY = YES_AGGRESSIVE;
				CLANG_WARN_UNREACHABLE_CODE = YES;
				CLANG_WARN__DUPLICATE_METHOD_MATCH = YES;
				COPY_PHASE_STRIP = NO;
				DEBUG_INFORMATION_FORMAT = "dwarf-with-dsym";
				ENABLE_NS_ASSERTIONS = NO;
				ENABLE_STRICT_OBJC_MSGSEND = YES;
				ENABLE_USER_SCRIPT_SANDBOXING = YES;
				GCC_C_LANGUAGE_STANDARD = gnu17;
				GCC_NO_COMMON_BLOCKS = YES;
				GCC_WARN_64_TO_32_BIT_CONVERSION = YES;
				GCC_WARN_ABOUT_RETURN_TYPE = YES_ERROR;
				GCC_WARN_UNDECLARED_SELECTOR = YES;
				GCC_WARN_UNINITIALIZED_AUTOS = YES_AGGRESSIVE;
				GCC_WARN_UNUSED_FUNCTION = YES;
				GCC_WARN_UNUSED_VARIABLE = YES;
				IPHONEOS_DEPLOYMENT_TARGET = 18.0;
				LOCALIZATION_PREFERS_STRING_CATALOGS = YES;
				MTL_ENABLE_DEBUG_INFO = NO;
				MTL_FAST_MATH = YES;
				SDKROOT = iphoneos;
				SWIFT_COMPILATION_MODE = wholemodule;
				VALIDATE_PRODUCT = YES;
			};
			name = Release;
		};
		62419BDD2CD277BB00F0990F /* Debug */ = {
			isa = XCBuildConfiguration;
			buildSettings = {
				ASSETCATALOG_COMPILER_APPICON_NAME = AppIcon;
				ASSETCATALOG_COMPILER_GLOBAL_ACCENT_COLOR_NAME = AccentColor;
				CODE_SIGN_STYLE = Automatic;
				CURRENT_PROJECT_VERSION = 1;
				DEVELOPMENT_ASSET_PATHS = "\"BeaconSyncAR-iBeacon-ARKit/Preview Content\"";
				DEVELOPMENT_TEAM = U2S8Q8VES6;
				ENABLE_PREVIEWS = YES;
				GENERATE_INFOPLIST_FILE = YES;
				INFOPLIST_KEY_NSBluetoothAlwaysUsageDescription = "This app use BLE services to get data";
				INFOPLIST_KEY_NSCameraUsageDescription = "";
				INFOPLIST_KEY_NSLocationWhenInUseUsageDescription = "This app use iBeacon protocol";
				INFOPLIST_KEY_UIApplicationSupportsIndirectInputEvents = YES;
				INFOPLIST_KEY_UILaunchScreen_Generation = YES;
				INFOPLIST_KEY_UIRequiredDeviceCapabilities = arkit;
				INFOPLIST_KEY_UIStatusBarHidden = YES;
				INFOPLIST_KEY_UISupportedInterfaceOrientations_iPad = "UIInterfaceOrientationPortrait UIInterfaceOrientationPortraitUpsideDown UIInterfaceOrientationLandscapeLeft UIInterfaceOrientationLandscapeRight";
				INFOPLIST_KEY_UISupportedInterfaceOrientations_iPhone = "UIInterfaceOrientationPortrait UIInterfaceOrientationLandscapeLeft UIInterfaceOrientationLandscapeRight";
				LD_RUNPATH_SEARCH_PATHS = (
					"$(inherited)",
					"@executable_path/Frameworks",
				);
				MARKETING_VERSION = 1.0;
				PRODUCT_BUNDLE_IDENTIFIER = "MattJunk.BeaconSyncAR-iBeacon-ARKit";
				PRODUCT_NAME = "$(TARGET_NAME)";
				SWIFT_EMIT_LOC_STRINGS = YES;
				SWIFT_VERSION = 5.0;
				TARGETED_DEVICE_FAMILY = "1,2";
			};
			name = Debug;
		};
		62419BDE2CD277BB00F0990F /* Release */ = {
			isa = XCBuildConfiguration;
			buildSettings = {
				ASSETCATALOG_COMPILER_APPICON_NAME = AppIcon;
				ASSETCATALOG_COMPILER_GLOBAL_ACCENT_COLOR_NAME = AccentColor;
				CODE_SIGN_STYLE = Automatic;
				CURRENT_PROJECT_VERSION = 1;
				DEVELOPMENT_ASSET_PATHS = "\"BeaconSyncAR-iBeacon-ARKit/Preview Content\"";
				DEVELOPMENT_TEAM = U2S8Q8VES6;
				ENABLE_PREVIEWS = YES;
				GENERATE_INFOPLIST_FILE = YES;
				INFOPLIST_KEY_NSBluetoothAlwaysUsageDescription = "This app use BLE services to get data";
				INFOPLIST_KEY_NSCameraUsageDescription = "";
				INFOPLIST_KEY_NSLocationWhenInUseUsageDescription = "This app use iBeacon protocol";
				INFOPLIST_KEY_UIApplicationSupportsIndirectInputEvents = YES;
				INFOPLIST_KEY_UILaunchScreen_Generation = YES;
				INFOPLIST_KEY_UIRequiredDeviceCapabilities = arkit;
				INFOPLIST_KEY_UIStatusBarHidden = YES;
				INFOPLIST_KEY_UISupportedInterfaceOrientations_iPad = "UIInterfaceOrientationPortrait UIInterfaceOrientationPortraitUpsideDown UIInterfaceOrientationLandscapeLeft UIInterfaceOrientationLandscapeRight";
				INFOPLIST_KEY_UISupportedInterfaceOrientations_iPhone = "UIInterfaceOrientationPortrait UIInterfaceOrientationLandscapeLeft UIInterfaceOrientationLandscapeRight";
				LD_RUNPATH_SEARCH_PATHS = (
					"$(inherited)",
					"@executable_path/Frameworks",
				);
				MARKETING_VERSION = 1.0;
				PRODUCT_BUNDLE_IDENTIFIER = "MattJunk.BeaconSyncAR-iBeacon-ARKit";
				PRODUCT_NAME = "$(TARGET_NAME)";
				SWIFT_EMIT_LOC_STRINGS = YES;
				SWIFT_VERSION = 5.0;
				TARGETED_DEVICE_FAMILY = "1,2";
			};
			name = Release;
		};
		62419BE02CD277BB00F0990F /* Debug */ = {
			isa = XCBuildConfiguration;
			buildSettings = {
				BUNDLE_LOADER = "$(TEST_HOST)";
				CODE_SIGN_STYLE = Automatic;
				CURRENT_PROJECT_VERSION = 1;
				DEVELOPMENT_TEAM = U2S8Q8VES6;
				GENERATE_INFOPLIST_FILE = YES;
				IPHONEOS_DEPLOYMENT_TARGET = 18.0;
				MARKETING_VERSION = 1.0;
				PRODUCT_BUNDLE_IDENTIFIER = "MattJunk.BeaconSyncAR-iBeacon-ARKitTests";
				PRODUCT_NAME = "$(TARGET_NAME)";
				SWIFT_EMIT_LOC_STRINGS = NO;
				SWIFT_VERSION = 5.0;
				TARGETED_DEVICE_FAMILY = "1,2";
				TEST_HOST = "$(BUILT_PRODUCTS_DIR)/BeaconSyncAR-iBeacon-ARKit.app/$(BUNDLE_EXECUTABLE_FOLDER_PATH)/BeaconSyncAR-iBeacon-ARKit";
			};
			name = Debug;
		};
		62419BE12CD277BB00F0990F /* Release */ = {
			isa = XCBuildConfiguration;
			buildSettings = {
				BUNDLE_LOADER = "$(TEST_HOST)";
				CODE_SIGN_STYLE = Automatic;
				CURRENT_PROJECT_VERSION = 1;
				DEVELOPMENT_TEAM = U2S8Q8VES6;
				GENERATE_INFOPLIST_FILE = YES;
				IPHONEOS_DEPLOYMENT_TARGET = 18.0;
				MARKETING_VERSION = 1.0;
				PRODUCT_BUNDLE_IDENTIFIER = "MattJunk.BeaconSyncAR-iBeacon-ARKitTests";
				PRODUCT_NAME = "$(TARGET_NAME)";
				SWIFT_EMIT_LOC_STRINGS = NO;
				SWIFT_VERSION = 5.0;
				TARGETED_DEVICE_FAMILY = "1,2";
				TEST_HOST = "$(BUILT_PRODUCTS_DIR)/BeaconSyncAR-iBeacon-ARKit.app/$(BUNDLE_EXECUTABLE_FOLDER_PATH)/BeaconSyncAR-iBeacon-ARKit";
			};
			name = Release;
		};
		62419BE32CD277BB00F0990F /* Debug */ = {
			isa = XCBuildConfiguration;
			buildSettings = {
				CODE_SIGN_STYLE = Automatic;
				CURRENT_PROJECT_VERSION = 1;
				DEVELOPMENT_TEAM = U2S8Q8VES6;
				GENERATE_INFOPLIST_FILE = YES;
				MARKETING_VERSION = 1.0;
				PRODUCT_BUNDLE_IDENTIFIER = "MattJunk.BeaconSyncAR-iBeacon-ARKitUITests";
				PRODUCT_NAME = "$(TARGET_NAME)";
				SWIFT_EMIT_LOC_STRINGS = NO;
				SWIFT_VERSION = 5.0;
				TARGETED_DEVICE_FAMILY = "1,2";
				TEST_TARGET_NAME = "BeaconSyncAR-iBeacon-ARKit";
			};
			name = Debug;
		};
		62419BE42CD277BB00F0990F /* Release */ = {
			isa = XCBuildConfiguration;
			buildSettings = {
				CODE_SIGN_STYLE = Automatic;
				CURRENT_PROJECT_VERSION = 1;
				DEVELOPMENT_TEAM = U2S8Q8VES6;
				GENERATE_INFOPLIST_FILE = YES;
				MARKETING_VERSION = 1.0;
				PRODUCT_BUNDLE_IDENTIFIER = "MattJunk.BeaconSyncAR-iBeacon-ARKitUITests";
				PRODUCT_NAME = "$(TARGET_NAME)";
				SWIFT_EMIT_LOC_STRINGS = NO;
				SWIFT_VERSION = 5.0;
				TARGETED_DEVICE_FAMILY = "1,2";
				TEST_TARGET_NAME = "BeaconSyncAR-iBeacon-ARKit";
			};
			name = Release;
		};
/* End XCBuildConfiguration section */

/* Begin XCConfigurationList section */
		62419BB32CD277B900F0990F /* Build configuration list for PBXProject "BeaconSyncAR-iBeacon-ARKit" */ = {
			isa = XCConfigurationList;
			buildConfigurations = (
				62419BDA2CD277BB00F0990F /* Debug */,
				62419BDB2CD277BB00F0990F /* Release */,
			);
			defaultConfigurationIsVisible = 0;
			defaultConfigurationName = Release;
		};
		62419BDC2CD277BB00F0990F /* Build configuration list for PBXNativeTarget "BeaconSyncAR-iBeacon-ARKit" */ = {
			isa = XCConfigurationList;
			buildConfigurations = (
				62419BDD2CD277BB00F0990F /* Debug */,
				62419BDE2CD277BB00F0990F /* Release */,
			);
			defaultConfigurationIsVisible = 0;
			defaultConfigurationName = Release;
		};
		62419BDF2CD277BB00F0990F /* Build configuration list for PBXNativeTarget "BeaconSyncAR-iBeacon-ARKitTests" */ = {
			isa = XCConfigurationList;
			buildConfigurations = (
				62419BE02CD277BB00F0990F /* Debug */,
				62419BE12CD277BB00F0990F /* Release */,
			);
			defaultConfigurationIsVisible = 0;
			defaultConfigurationName = Release;
		};
		62419BE22CD277BB00F0990F /* Build configuration list for PBXNativeTarget "BeaconSyncAR-iBeacon-ARKitUITests" */ = {
			isa = XCConfigurationList;
			buildConfigurations = (
				62419BE32CD277BB00F0990F /* Debug */,
				62419BE42CD277BB00F0990F /* Release */,
			);
			defaultConfigurationIsVisible = 0;
			defaultConfigurationName = Release;
		};
/* End XCConfigurationList section */
	};
	rootObject = 62419BB02CD277B900F0990F /* Project object */;
}
